
Microsoft Visual Studio Solution File, Format Version 12.00
# Visual Studio 15
VisualStudioVersion = 15.0.27004.2005
MinimumVisualStudioVersion = 10.0.40219.1
Project("{FAE04EC0-301F-11D3-BF4B-00C04F79EFBC}") = "BinarySearch", "BinarySearch\BinarySearch.csproj", "{AA6FB7E7-D8A1-4433-9115-4833B1A0D18A}"
EndProject
Global
	GlobalSection(SolutionConfigurationPlatforms) = preSolution
		Debug|Any CPU = Debug|Any CPU
		Release|Any CPU = Release|Any CPU
	EndGlobalSection
	GlobalSection(ProjectConfigurationPlatforms) = postSolution
		{AA6FB7E7-D8A1-4433-9115-4833B1A0D18A}.Debug|Any CPU.ActiveCfg = Debug|Any CPU
		{AA6FB7E7-D8A1-4433-9115-4833B1A0D18A}.Debug|Any CPU.Build.0 = Debug|Any CPU
		{AA6FB7E7-D8A1-4433-9115-4833B1A0D18A}.Release|Any CPU.ActiveCfg = Release|Any CPU
		{AA6FB7E7-D8A1-4433-9115-4833B1A0D18A}.Release|Any CPU.Build.0 = Release|Any CPU
	EndGlobalSection
	GlobalSection(SolutionProperties) = preSolution
		HideSolutionNode = FALSE
	EndGlobalSection
	GlobalSection(ExtensibilityGlobals) = postSolution
		SolutionGuid = {48A14CF2-2C5C-47D3-80DB-499CE226B92E}
	EndGlobalSection
EndGlobal
